
Microsoft Visual Studio Solution File, Format Version 12.00
# Visual Studio Version 17
VisualStudioVersion = 17.0.32112.339
MinimumVisualStudioVersion = 10.0.40219.1
Project("{FAE04EC0-301F-11D3-BF4B-00C04F79EFBC}") = "WebAppLP", "WebAppLP\WebAppLP.csproj", "{CE25CD48-F5D0-464F-967D-27E0F3544DEA}"
EndProject
Global
	GlobalSection(SolutionConfigurationPlatforms) = preSolution
		Debug|Any CPU = Debug|Any CPU
		Release|Any CPU = Release|Any CPU
	EndGlobalSection
	GlobalSection(ProjectConfigurationPlatforms) = postSolution
		{CE25CD48-F5D0-464F-967D-27E0F3544DEA}.Debug|Any CPU.ActiveCfg = Debug|Any CPU
		{CE25CD48-F5D0-464F-967D-27E0F3544DEA}.Debug|Any CPU.Build.0 = Debug|Any CPU
		{CE25CD48-F5D0-464F-967D-27E0F3544DEA}.Release|Any CPU.ActiveCfg = Release|Any CPU
		{CE25CD48-F5D0-464F-967D-27E0F3544DEA}.Release|Any CPU.Build.0 = Release|Any CPU
	EndGlobalSection
	GlobalSection(SolutionProperties) = preSolution
		HideSolutionNode = FALSE
	EndGlobalSection
	GlobalSection(ExtensibilityGlobals) = postSolution
		SolutionGuid = {98F86C7D-6840-45AE-BC15-F6BDA02FD800}
	EndGlobalSection
EndGlobal
